
Microsoft Visual Studio Solution File, Format Version 12.00
# Visual Studio Version 17
VisualStudioVersion = 17.8.34511.84
MinimumVisualStudioVersion = 10.0.40219.1
Project("{FAE04EC0-301F-11D3-BF4B-00C04F79EFBC}") = "HVPAA_CoolerPsycasts", "HVPAA_CoolerPsycasts.csproj", "{E6148DF3-E668-4524-830E-F8C0DBB602F6}"
EndProject
Global
	GlobalSection(SolutionConfigurationPlatforms) = preSolution
		Debug|Any CPU = Debug|Any CPU
		Release|Any CPU = Release|Any CPU
	EndGlobalSection
	GlobalSection(ProjectConfigurationPlatforms) = postSolution
		{E6148DF3-E668-4524-830E-F8C0DBB602F6}.Debug|Any CPU.ActiveCfg = Debug|Any CPU
		{E6148DF3-E668-4524-830E-F8C0DBB602F6}.Debug|Any CPU.Build.0 = Debug|Any CPU
		{E6148DF3-E668-4524-830E-F8C0DBB602F6}.Release|Any CPU.ActiveCfg = Release|Any CPU
		{E6148DF3-E668-4524-830E-F8C0DBB602F6}.Release|Any CPU.Build.0 = Release|Any CPU
	EndGlobalSection
	GlobalSection(SolutionProperties) = preSolution
		HideSolutionNode = FALSE
	EndGlobalSection
	GlobalSection(ExtensibilityGlobals) = postSolution
		SolutionGuid = {E0F2364A-9348-490D-AE64-EA4F31D3F885}
	EndGlobalSection
EndGlobal
